
Microsoft Visual Studio Solution File, Format Version 12.00
# Visual Studio Version 17
VisualStudioVersion = 17.4.33122.133
MinimumVisualStudioVersion = 10.0.40219.1
Project("{FAE04EC0-301F-11D3-BF4B-00C04F79EFBC}") = "WheelConformBossServer", "WheelConformBossServer.csproj", "{D92F2D63-2277-442A-934C-D60F86C85AB0}"
EndProject
Global
	GlobalSection(SolutionConfigurationPlatforms) = preSolution
		Debug|Any CPU = Debug|Any CPU
		Release|Any CPU = Release|Any CPU
	EndGlobalSection
	GlobalSection(ProjectConfigurationPlatforms) = postSolution
		{D92F2D63-2277-442A-934C-D60F86C85AB0}.Debug|Any CPU.ActiveCfg = Debug|Any CPU
		{D92F2D63-2277-442A-934C-D60F86C85AB0}.Debug|Any CPU.Build.0 = Debug|Any CPU
		{D92F2D63-2277-442A-934C-D60F86C85AB0}.Release|Any CPU.ActiveCfg = Release|Any CPU
		{D92F2D63-2277-442A-934C-D60F86C85AB0}.Release|Any CPU.Build.0 = Release|Any CPU
	EndGlobalSection
	GlobalSection(SolutionProperties) = preSolution
		HideSolutionNode = FALSE
	EndGlobalSection
	GlobalSection(ExtensibilityGlobals) = postSolution
		SolutionGuid = {9B1BFBC1-8D60-48A5-8D3C-02977BAAF4D7}
	EndGlobalSection
EndGlobal
